{
  "version": 4,
  "terraform_version": "1.9.5",
  "serial": 3,
  "lineage": "184b1a27-d00a-cb51-f715-b8c12996709b",
  "outputs": {},
  "resources": [
    {
      "mode": "managed",
      "type": "aws_s3_bucket",
      "name": "terraform_state",
      "provider": "provider[\"registry.terraform.io/hashicorp/aws\"]",
      "instances": [
        {
          "status": "tainted",
          "schema_version": 0,
          "attributes": {
            "acceleration_status": null,
            "acl": null,
            "arn": null,
            "bucket": "your-bucket-terraform-state",
            "bucket_domain_name": null,
            "bucket_prefix": null,
            "bucket_regional_domain_name": null,
            "cors_rule": null,
            "force_destroy": false,
            "grant": [],
            "hosted_zone_id": null,
            "id": "your-bucket-terraform-state",
            "lifecycle_rule": null,
            "logging": null,
            "object_lock_configuration": null,
            "object_lock_enabled": null,
            "policy": null,
            "region": null,
            "replication_configuration": null,
            "request_payer": null,
            "server_side_encryption_configuration": null,
            "tags": {
              "Environment": "global",
              "Name": "Terraform State Bucket"
            },
            "tags_all": {
              "Environment": "global",
              "Name": "Terraform State Bucket"
            },
            "timeouts": null,
            "versioning": null,
            "website": null,
            "website_domain": null,
            "website_endpoint": null
          },
          "sensitive_attributes": [],
          "private": "eyJlMmJmYjczMC1lY2FhLTExZTYtOGY4OC0zNDM2M2JjN2M0YzAiOnsiY3JlYXRlIjoxMjAwMDAwMDAwMDAwLCJkZWxldGUiOjM2MDAwMDAwMDAwMDAsInJlYWQiOjEyMDAwMDAwMDAwMDAsInVwZGF0ZSI6MTIwMDAwMDAwMDAwMH19"
        }
      ]
    }
  ],
  "check_results": null
}
